// !$*UTF8*$!
{
	archiveVersion = 1;
	classes = {
	};
	objectVersion = 50;
	objects = {

/* Begin PBXBuildFile section */
		1070939024D3811500D0B552 /* AppDelegate.swift in Sources */ = {isa = PBXBuildFile; fileRef = 1070938F24D3811500D0B552 /* AppDelegate.swift */; };
		1070939224D3811500D0B552 /* SceneDelegate.swift in Sources */ = {isa = PBXBuildFile; fileRef = 1070939124D3811500D0B552 /* SceneDelegate.swift */; };
		1070939924D3811800D0B552 /* Assets.xcassets in Resources */ = {isa = PBXBuildFile; fileRef = 1070939824D3811800D0B552 /* Assets.xcassets */; };
		1070939C24D3811800D0B552 /* LaunchScreen.storyboard in Resources */ = {isa = PBXBuildFile; fileRef = 1070939A24D3811800D0B552 /* LaunchScreen.storyboard */; };
		107093A724D3811800D0B552 /* iFramesTests.swift in Sources */ = {isa = PBXBuildFile; fileRef = 107093A624D3811800D0B552 /* iFramesTests.swift */; };
		107093B224D3840A00D0B552 /* MovieListVC.swift in Sources */ = {isa = PBXBuildFile; fileRef = 107093B124D3840A00D0B552 /* MovieListVC.swift */; };
		107093B724D393A300D0B552 /* MovieCell.swift in Sources */ = {isa = PBXBuildFile; fileRef = 107093B624D393A300D0B552 /* MovieCell.swift */; };
/* End PBXBuildFile section */

/* Begin PBXContainerItemProxy section */
		107093A324D3811800D0B552 /* PBXContainerItemProxy */ = {
			isa = PBXContainerItemProxy;
			containerPortal = 1070938424D3811500D0B552 /* Project object */;
			proxyType = 1;
			remoteGlobalIDString = 1070938B24D3811500D0B552;
			remoteInfo = iFrames;
		};
/* End PBXContainerItemProxy section */

/* Begin PBXFileReference section */
		1070938C24D3811500D0B552 /* iFrames.app */ = {isa = PBXFileReference; explicitFileType = wrapper.application; includeInIndex = 0; path = iFrames.app; sourceTree = BUILT_PRODUCTS_DIR; };
		1070938F24D3811500D0B552 /* AppDelegate.swift */ = {isa = PBXFileReference; lastKnownFileType = sourcecode.swift; path = AppDelegate.swift; sourceTree = "<group>"; };
		1070939124D3811500D0B552 /* SceneDelegate.swift */ = {isa = PBXFileReference; lastKnownFileType = sourcecode.swift; path = SceneDelegate.swift; sourceTree = "<group>"; };
		1070939824D3811800D0B552 /* Assets.xcassets */ = {isa = PBXFileReference; lastKnownFileType = folder.assetcatalog; path = Assets.xcassets; sourceTree = "<group>"; };
		1070939B24D3811800D0B552 /* Base */ = {isa = PBXFileReference; lastKnownFileType = file.storyboard; name = Base; path = Base.lproj/LaunchScreen.storyboard; sourceTree = "<group>"; };
		1070939D24D3811800D0B552 /* Info.plist */ = {isa = PBXFileReference; lastKnownFileType = text.plist.xml; path = Info.plist; sourceTree = "<group>"; };
		107093A224D3811800D0B552 /* iFramesTests.xctest */ = {isa = PBXFileReference; explicitFileType = wrapper.cfbundle; includeInIndex = 0; path = iFramesTests.xctest; sourceTree = BUILT_PRODUCTS_DIR; };
		107093A624D3811800D0B552 /* iFramesTests.swift */ = {isa = PBXFileReference; lastKnownFileType = sourcecode.swift; path = iFramesTests.swift; sourceTree = "<group>"; };
		107093A824D3811800D0B552 /* Info.plist */ = {isa = PBXFileReference; lastKnownFileType = text.plist.xml; path = Info.plist; sourceTree = "<group>"; };
		107093B124D3840A00D0B552 /* MovieListVC.swift */ = {isa = PBXFileReference; lastKnownFileType = sourcecode.swift; path = MovieListVC.swift; sourceTree = "<group>"; };
		107093B624D393A300D0B552 /* MovieCell.swift */ = {isa = PBXFileReference; lastKnownFileType = sourcecode.swift; path = MovieCell.swift; sourceTree = "<group>"; };
/* End PBXFileReference section */

/* Begin PBXFrameworksBuildPhase section */
		1070938924D3811500D0B552 /* Frameworks */ = {
			isa = PBXFrameworksBuildPhase;
			buildActionMask = 2147483647;
			files = (
			);
			runOnlyForDeploymentPostprocessing = 0;
		};
		1070939F24D3811800D0B552 /* Frameworks */ = {
			isa = PBXFrameworksBuildPhase;
			buildActionMask = 2147483647;
			files = (
			);
			runOnlyForDeploymentPostprocessing = 0;
		};
/* End PBXFrameworksBuildPhase section */

/* Begin PBXGroup section */
		1070938324D3811500D0B552 = {
			isa = PBXGroup;
			children = (
				1070938E24D3811500D0B552 /* iFrames */,
				107093A524D3811800D0B552 /* iFramesTests */,
				1070938D24D3811500D0B552 /* Products */,
			);
			sourceTree = "<group>";
		};
		1070938D24D3811500D0B552 /* Products */ = {
			isa = PBXGroup;
			children = (
				1070938C24D3811500D0B552 /* iFrames.app */,
				107093A224D3811800D0B552 /* iFramesTests.xctest */,
			);
			name = Products;
			sourceTree = "<group>";
		};
		1070938E24D3811500D0B552 /* iFrames */ = {
			isa = PBXGroup;
			children = (
				107093B524D3892D00D0B552 /* Extensions-Utilities */,
				1070938F24D3811500D0B552 /* AppDelegate.swift */,
				1070939124D3811500D0B552 /* SceneDelegate.swift */,
				1070939824D3811800D0B552 /* Assets.xcassets */,
				1070939A24D3811800D0B552 /* LaunchScreen.storyboard */,
				1070939D24D3811800D0B552 /* Info.plist */,
				107093B124D3840A00D0B552 /* MovieListVC.swift */,
				107093B624D393A300D0B552 /* MovieCell.swift */,
			);
			path = iFrames;
			sourceTree = "<group>";
		};
		107093A524D3811800D0B552 /* iFramesTests */ = {
			isa = PBXGroup;
			children = (
				107093A624D3811800D0B552 /* iFramesTests.swift */,
				107093A824D3811800D0B552 /* Info.plist */,
			);
			path = iFramesTests;
			sourceTree = "<group>";
		};
		107093B524D3892D00D0B552 /* Extensions-Utilities */ = {
			isa = PBXGroup;
			children = (
			);
			path = "Extensions-Utilities";
			sourceTree = "<group>";
		};
/* End PBXGroup section */

/* Begin PBXNativeTarget section */
		1070938B24D3811500D0B552 /* iFrames */ = {
			isa = PBXNativeTarget;
			buildConfigurationList = 107093AB24D3811800D0B552 /* Build configuration list for PBXNativeTarget "iFrames" */;
			buildPhases = (
				1070938824D3811500D0B552 /* Sources */,
				1070938924D3811500D0B552 /* Frameworks */,
				1070938A24D3811500D0B552 /* Resources */,
			);
			buildRules = (
			);
			dependencies = (
			);
			name = iFrames;
			productName = iFrames;
			productReference = 1070938C24D3811500D0B552 /* iFrames.app */;
			productType = "com.apple.product-type.application";
		};
		107093A124D3811800D0B552 /* iFramesTests */ = {
			isa = PBXNativeTarget;
			buildConfigurationList = 107093AE24D3811800D0B552 /* Build configuration list for PBXNativeTarget "iFramesTests" */;
			buildPhases = (
				1070939E24D3811800D0B552 /* Sources */,
				1070939F24D3811800D0B552 /* Frameworks */,
				107093A024D3811800D0B552 /* Resources */,
			);
			buildRules = (
			);
			dependencies = (
				107093A424D3811800D0B552 /* PBXTargetDependency */,
			);
			name = iFramesTests;
			productName = iFramesTests;
			productReference = 107093A224D3811800D0B552 /* iFramesTests.xctest */;
			productType = "com.apple.product-type.bundle.unit-test";
		};
/* End PBXNativeTarget section */

/* Begin PBXProject section */
		1070938424D3811500D0B552 /* Project object */ = {
			isa = PBXProject;
			attributes = {
				LastSwiftUpdateCheck = 1120;
				LastUpgradeCheck = 1120;
				ORGANIZATIONNAME = "Engin KUK";
				TargetAttributes = {
					1070938B24D3811500D0B552 = {
						CreatedOnToolsVersion = 11.2.1;
					};
					107093A124D3811800D0B552 = {
						CreatedOnToolsVersion = 11.2.1;
						TestTargetID = 1070938B24D3811500D0B552;
					};
				};
			};
			buildConfigurationList = 1070938724D3811500D0B552 /* Build configuration list for PBXProject "iFrames" */;
			compatibilityVersion = "Xcode 9.3";
			developmentRegion = en;
			hasScannedForEncodings = 0;
			knownRegions = (
				en,
				Base,
			);
			mainGroup = 1070938324D3811500D0B552;
			productRefGroup = 1070938D24D3811500D0B552 /* Products */;
			projectDirPath = "";
			projectRoot = "";
			targets = (
				1070938B24D3811500D0B552 /* iFrames */,
				107093A124D3811800D0B552 /* iFramesTests */,
			);
		};
/* End PBXProject section */

/* Begin PBXResourcesBuildPhase section */
		1070938A24D3811500D0B552 /* Resources */ = {
			isa = PBXResourcesBuildPhase;
			buildActionMask = 2147483647;
			files = (
				1070939C24D3811800D0B552 /* LaunchScreen.storyboard in Resources */,
				1070939924D3811800D0B552 /* Assets.xcassets in Resources */,
			);
			runOnlyForDeploymentPostprocessing = 0;
		};
		107093A024D3811800D0B552 /* Resources */ = {
			isa = PBXResourcesBuildPhase;
			buildActionMask = 2147483647;
			files = (
			);
			runOnlyForDeploymentPostprocessing = 0;
		};
/* End PBXResourcesBuildPhase section */

/* Begin PBXSourcesBuildPhase section */
		1070938824D3811500D0B552 /* Sources */ = {
			isa = PBXSourcesBuildPhase;
			buildActionMask = 2147483647;
			files = (
				1070939024D3811500D0B552 /* AppDelegate.swift in Sources */,
				1070939224D3811500D0B552 /* SceneDelegate.swift in Sources */,
				107093B724D393A300D0B552 /* MovieCell.swift in Sources */,
				107093B224D3840A00D0B552 /* MovieListVC.swift in Sources */,
			);
			runOnlyForDeploymentPostprocessing = 0;
		};
		1070939E24D3811800D0B552 /* Sources */ = {
			isa = PBXSourcesBuildPhase;
			buildActionMask = 2147483647;
			files = (
				107093A724D3811800D0B552 /* iFramesTests.swift in Sources */,
			);
			runOnlyForDeploymentPostprocessing = 0;
		};
/* End PBXSourcesBuildPhase section */

/* Begin PBXTargetDependency section */
		107093A424D3811800D0B552 /* PBXTargetDependency */ = {
			isa = PBXTargetDependency;
			target = 1070938B24D3811500D0B552 /* iFrames */;
			targetProxy = 107093A324D3811800D0B552 /* PBXContainerItemProxy */;
		};
/* End PBXTargetDependency section */

/* Begin PBXVariantGroup section */
		1070939A24D3811800D0B552 /* LaunchScreen.storyboard */ = {
			isa = PBXVariantGroup;
			children = (
				1070939B24D3811800D0B552 /* Base */,
			);
			name = LaunchScreen.storyboard;
			sourceTree = "<group>";
		};
/* End PBXVariantGroup section */

/* Begin XCBuildConfiguration section */
		107093A924D3811800D0B552 /* Debug */ = {
			isa = XCBuildConfiguration;
			buildSettings = {
				ALWAYS_SEARCH_USER_PATHS = NO;
				CLANG_ANALYZER_NONNULL = YES;
				CLANG_ANALYZER_NUMBER_OBJECT_CONVERSION = YES_AGGRESSIVE;
				CLANG_CXX_LANGUAGE_STANDARD = "gnu++14";
				CLANG_CXX_LIBRARY = "libc++";
				CLANG_ENABLE_MODULES = YES;
				CLANG_ENABLE_OBJC_ARC = YES;
				CLANG_ENABLE_OBJC_WEAK = YES;
				CLANG_WARN_BLOCK_CAPTURE_AUTORELEASING = YES;
				CLANG_WARN_BOOL_CONVERSION = YES;
				CLANG_WARN_COMMA = YES;
				CLANG_WARN_CONSTANT_CONVERSION = YES;
				CLANG_WARN_DEPRECATED_OBJC_IMPLEMENTATIONS = YES;
				CLANG_WARN_DIRECT_OBJC_ISA_USAGE = YES_ERROR;
				CLANG_WARN_DOCUMENTATION_COMMENTS = YES;
				CLANG_WARN_EMPTY_BODY = YES;
				CLANG_WARN_ENUM_CONVERSION = YES;
				CLANG_WARN_INFINITE_RECURSION = YES;
				CLANG_WARN_INT_CONVERSION = YES;
				CLANG_WARN_NON_LITERAL_NULL_CONVERSION = YES;
				CLANG_WARN_OBJC_IMPLICIT_RETAIN_SELF = YES;
				CLANG_WARN_OBJC_LITERAL_CONVERSION = YES;
				CLANG_WARN_OBJC_ROOT_CLASS = YES_ERROR;
				CLANG_WARN_RANGE_LOOP_ANALYSIS = YES;
				CLANG_WARN_STRICT_PROTOTYPES = YES;
				CLANG_WARN_SUSPICIOUS_MOVE = YES;
				CLANG_WARN_UNGUARDED_AVAILABILITY = YES_AGGRESSIVE;
				CLANG_WARN_UNREACHABLE_CODE = YES;
				CLANG_WARN__DUPLICATE_METHOD_MATCH = YES;
				COPY_PHASE_STRIP = NO;
				DEBUG_INFORMATION_FORMAT = dwarf;
				ENABLE_STRICT_OBJC_MSGSEND = YES;
				ENABLE_TESTABILITY = YES;
				GCC_C_LANGUAGE_STANDARD = gnu11;
				GCC_DYNAMIC_NO_PIC = NO;
				GCC_NO_COMMON_BLOCKS = YES;
				GCC_OPTIMIZATION_LEVEL = 0;
				GCC_PREPROCESSOR_DEFINITIONS = (
					"DEBUG=1",
					"$(inherited)",
				);
				GCC_WARN_64_TO_32_BIT_CONVERSION = YES;
				GCC_WARN_ABOUT_RETURN_TYPE = YES_ERROR;
				GCC_WARN_UNDECLARED_SELECTOR = YES;
				GCC_WARN_UNINITIALIZED_AUTOS = YES_AGGRESSIVE;
				GCC_WARN_UNUSED_FUNCTION = YES;
				GCC_WARN_UNUSED_VARIABLE = YES;
				IPHONEOS_DEPLOYMENT_TARGET = 13.2;
				MTL_ENABLE_DEBUG_INFO = INCLUDE_SOURCE;
				MTL_FAST_MATH = YES;
				ONLY_ACTIVE_ARCH = YES;
				SDKROOT = iphoneos;
				SWIFT_ACTIVE_COMPILATION_CONDITIONS = DEBUG;
				SWIFT_OPTIMIZATION_LEVEL = "-Onone";
			};
			name = Debug;
		};
		107093AA24D3811800D0B552 /* Release */ = {
			isa = XCBuildConfiguration;
			buildSettings = {
				ALWAYS_SEARCH_USER_PATHS = NO;
				CLANG_ANALYZER_NONNULL = YES;
				CLANG_ANALYZER_NUMBER_OBJECT_CONVERSION = YES_AGGRESSIVE;
				CLANG_CXX_LANGUAGE_STANDARD = "gnu++14";
				CLANG_CXX_LIBRARY = "libc++";
				CLANG_ENABLE_MODULES = YES;
				CLANG_ENABLE_OBJC_ARC = YES;
				CLANG_ENABLE_OBJC_WEAK = YES;
				CLANG_WARN_BLOCK_CAPTURE_AUTORELEASING = YES;
				CLANG_WARN_BOOL_CONVERSION = YES;
				CLANG_WARN_COMMA = YES;
				CLANG_WARN_CONSTANT_CONVERSION = YES;
				CLANG_WARN_DEPRECATED_OBJC_IMPLEMENTATIONS = YES;
				CLANG_WARN_DIRECT_OBJC_ISA_USAGE = YES_ERROR;
				CLANG_WARN_DOCUMENTATION_COMMENTS = YES;
				CLANG_WARN_EMPTY_BODY = YES;
				CLANG_WARN_ENUM_CONVERSION = YES;
				CLANG_WARN_INFINITE_RECURSION = YES;
				CLANG_WARN_INT_CONVERSION = YES;
				CLANG_WARN_NON_LITERAL_NULL_CONVERSION = YES;
				CLANG_WARN_OBJC_IMPLICIT_RETAIN_SELF = YES;
				CLANG_WARN_OBJC_LITERAL_CONVERSION = YES;
				CLANG_WARN_OBJC_ROOT_CLASS = YES_ERROR;
				CLANG_WARN_RANGE_LOOP_ANALYSIS = YES;
				CLANG_WARN_STRICT_PROTOTYPES = YES;
				CLANG_WARN_SUSPICIOUS_MOVE = YES;
				CLANG_WARN_UNGUARDED_AVAILABILITY = YES_AGGRESSIVE;
				CLANG_WARN_UNREACHABLE_CODE = YES;
				CLANG_WARN__DUPLICATE_METHOD_MATCH = YES;
				COPY_PHASE_STRIP = NO;
				DEBUG_INFORMATION_FORMAT = "dwarf-with-dsym";
				ENABLE_NS_ASSERTIONS = NO;
				ENABLE_STRICT_OBJC_MSGSEND = YES;
				GCC_C_LANGUAGE_STANDARD = gnu11;
				GCC_NO_COMMON_BLOCKS = YES;
				GCC_WARN_64_TO_32_BIT_CONVERSION = YES;
				GCC_WARN_ABOUT_RETURN_TYPE = YES_ERROR;
				GCC_WARN_UNDECLARED_SELECTOR = YES;
				GCC_WARN_UNINITIALIZED_AUTOS = YES_AGGRESSIVE;
				GCC_WARN_UNUSED_FUNCTION = YES;
				GCC_WARN_UNUSED_VARIABLE = YES;
				IPHONEOS_DEPLOYMENT_TARGET = 13.2;
				MTL_ENABLE_DEBUG_INFO = NO;
				MTL_FAST_MATH = YES;
				SDKROOT = iphoneos;
				SWIFT_COMPILATION_MODE = wholemodule;
				SWIFT_OPTIMIZATION_LEVEL = "-O";
				VALIDATE_PRODUCT = YES;
			};
			name = Release;
		};
		107093AC24D3811800D0B552 /* Debug */ = {
			isa = XCBuildConfiguration;
			buildSettings = {
				ASSETCATALOG_COMPILER_APPICON_NAME = AppIcon;
				CODE_SIGN_STYLE = Automatic;
				DEVELOPMENT_TEAM = 6T8ZJ7M7C9;
				INFOPLIST_FILE = iFrames/Info.plist;
				LD_RUNPATH_SEARCH_PATHS = (
					"$(inherited)",
					"@executable_path/Frameworks",
				);
				PRODUCT_BUNDLE_IDENTIFIER = com.example.iFrames;
				PRODUCT_NAME = "$(TARGET_NAME)";
				SWIFT_VERSION = 5.0;
				TARGETED_DEVICE_FAMILY = "1,2";
			};
			name = Debug;
		};
		107093AD24D3811800D0B552 /* Release */ = {
			isa = XCBuildConfiguration;
			buildSettings = {
				ASSETCATALOG_COMPILER_APPICON_NAME = AppIcon;
				CODE_SIGN_STYLE = Automatic;
				DEVELOPMENT_TEAM = 6T8ZJ7M7C9;
				INFOPLIST_FILE = iFrames/Info.plist;
				LD_RUNPATH_SEARCH_PATHS = (
					"$(inherited)",
					"@executable_path/Frameworks",
				);
				PRODUCT_BUNDLE_IDENTIFIER = com.example.iFrames;
				PRODUCT_NAME = "$(TARGET_NAME)";
				SWIFT_VERSION = 5.0;
				TARGETED_DEVICE_FAMILY = "1,2";
			};
			name = Release;
		};
		107093AF24D3811800D0B552 /* Debug */ = {
			isa = XCBuildConfiguration;
			buildSettings = {
				ALWAYS_EMBED_SWIFT_STANDARD_LIBRARIES = YES;
				BUNDLE_LOADER = "$(TEST_HOST)";
				CODE_SIGN_STYLE = Automatic;
				DEVELOPMENT_TEAM = 6T8ZJ7M7C9;
				INFOPLIST_FILE = iFramesTests/Info.plist;
				IPHONEOS_DEPLOYMENT_TARGET = 13.2;
				LD_RUNPATH_SEARCH_PATHS = (
					"$(inherited)",
					"@executable_path/Frameworks",
					"@loader_path/Frameworks",
				);
				PRODUCT_BUNDLE_IDENTIFIER = com.example.iFramesTests;
				PRODUCT_NAME = "$(TARGET_NAME)";
				SWIFT_VERSION = 5.0;
				TARGETED_DEVICE_FAMILY = "1,2";
				TEST_HOST = "$(BUILT_PRODUCTS_DIR)/iFrames.app/iFrames";
			};
			name = Debug;
		};
		107093B024D3811800D0B552 /* Release */ = {
			isa = XCBuildConfiguration;
			buildSettings = {
				ALWAYS_EMBED_SWIFT_STANDARD_LIBRARIES = YES;
				BUNDLE_LOADER = "$(TEST_HOST)";
				CODE_SIGN_STYLE = Automatic;
				DEVELOPMENT_TEAM = 6T8ZJ7M7C9;
				INFOPLIST_FILE = iFramesTests/Info.plist;
				IPHONEOS_DEPLOYMENT_TARGET = 13.2;
				LD_RUNPATH_SEARCH_PATHS = (
					"$(inherited)",
					"@executable_path/Frameworks",
					"@loader_path/Frameworks",
				);
				PRODUCT_BUNDLE_IDENTIFIER = com.example.iFramesTests;
				PRODUCT_NAME = "$(TARGET_NAME)";
				SWIFT_VERSION = 5.0;
				TARGETED_DEVICE_FAMILY = "1,2";
				TEST_HOST = "$(BUILT_PRODUCTS_DIR)/iFrames.app/iFrames";
			};
			name = Release;
		};
/* End XCBuildConfiguration section */

/* Begin XCConfigurationList section */
		1070938724D3811500D0B552 /* Build configuration list for PBXProject "iFrames" */ = {
			isa = XCConfigurationList;
			buildConfigurations = (
				107093A924D3811800D0B552 /* Debug */,
				107093AA24D3811800D0B552 /* Release */,
			);
			defaultConfigurationIsVisible = 0;
			defaultConfigurationName = Release;
		};
		107093AB24D3811800D0B552 /* Build configuration list for PBXNativeTarget "iFrames" */ = {
			isa = XCConfigurationList;
			buildConfigurations = (
				107093AC24D3811800D0B552 /* Debug */,
				107093AD24D3811800D0B552 /* Release */,
			);
			defaultConfigurationIsVisible = 0;
			defaultConfigurationName = Release;
		};
		107093AE24D3811800D0B552 /* Build configuration list for PBXNativeTarget "iFramesTests" */ = {
			isa = XCConfigurationList;
			buildConfigurations = (
				107093AF24D3811800D0B552 /* Debug */,
				107093B024D3811800D0B552 /* Release */,
			);
			defaultConfigurationIsVisible = 0;
			defaultConfigurationName = Release;
		};
/* End XCConfigurationList section */
	};
	rootObject = 1070938424D3811500D0B552 /* Project object */;
}
